// !$*UTF8*$!
{
	archiveVersion = 1;
	classes = {
	};
	objectVersion = 50;
	objects = {

/* Begin PBXBuildFile section */
		FA0FBAB420E3D39300291102 /* playsoundsviewcontroller-audio.swift in Sources */ = {isa = PBXBuildFile; fileRef = FA0FBAB320E3D39200291102 /* playsoundsviewcontroller-audio.swift */; };
		FA6FECED20D50FAC00B6AC6E /* AppDelegate.swift in Sources */ = {isa = PBXBuildFile; fileRef = FA6FECEC20D50FAC00B6AC6E /* AppDelegate.swift */; };
		FA6FECEF20D50FAC00B6AC6E /* RecordSoundsViewController.swift in Sources */ = {isa = PBXBuildFile; fileRef = FA6FECEE20D50FAC00B6AC6E /* RecordSoundsViewController.swift */; };
		FA6FECF220D50FAC00B6AC6E /* Main.storyboard in Resources */ = {isa = PBXBuildFile; fileRef = FA6FECF020D50FAC00B6AC6E /* Main.storyboard */; };
		FA6FECF420D50FAF00B6AC6E /* Assets.xcassets in Resources */ = {isa = PBXBuildFile; fileRef = FA6FECF320D50FAF00B6AC6E /* Assets.xcassets */; };
		FA6FECF720D50FAF00B6AC6E /* LaunchScreen.storyboard in Resources */ = {isa = PBXBuildFile; fileRef = FA6FECF520D50FAF00B6AC6E /* LaunchScreen.storyboard */; };
		FA882DC320E2669100C2B0FC /* PlaySoundsViewController.swift in Sources */ = {isa = PBXBuildFile; fileRef = FA882DC220E2669100C2B0FC /* PlaySoundsViewController.swift */; };
		FAC1BB0920F3B1E3003DABA1 /* Default-568h@2x.png in Resources */ = {isa = PBXBuildFile; fileRef = FAC1BB0820F3B1E2003DABA1 /* Default-568h@2x.png */; };
/* End PBXBuildFile section */

/* Begin PBXFileReference section */
		FA0FBAB320E3D39200291102 /* playsoundsviewcontroller-audio.swift */ = {isa = PBXFileReference; fileEncoding = 4; lastKnownFileType = sourcecode.swift; path = "playsoundsviewcontroller-audio.swift"; sourceTree = "<group>"; };
		FA6FECE920D50FAC00B6AC6E /* PitchPerfect.app */ = {isa = PBXFileReference; explicitFileType = wrapper.application; includeInIndex = 0; path = PitchPerfect.app; sourceTree = BUILT_PRODUCTS_DIR; };
		FA6FECEC20D50FAC00B6AC6E /* AppDelegate.swift */ = {isa = PBXFileReference; lastKnownFileType = sourcecode.swift; path = AppDelegate.swift; sourceTree = "<group>"; };
		FA6FECEE20D50FAC00B6AC6E /* RecordSoundsViewController.swift */ = {isa = PBXFileReference; lastKnownFileType = sourcecode.swift; path = RecordSoundsViewController.swift; sourceTree = "<group>"; };
		FA6FECF120D50FAC00B6AC6E /* Base */ = {isa = PBXFileReference; lastKnownFileType = file.storyboard; name = Base; path = Base.lproj/Main.storyboard; sourceTree = "<group>"; };
		FA6FECF320D50FAF00B6AC6E /* Assets.xcassets */ = {isa = PBXFileReference; lastKnownFileType = folder.assetcatalog; path = Assets.xcassets; sourceTree = "<group>"; };
		FA6FECF620D50FAF00B6AC6E /* Base */ = {isa = PBXFileReference; lastKnownFileType = file.storyboard; name = Base; path = Base.lproj/LaunchScreen.storyboard; sourceTree = "<group>"; };
		FA6FECF820D50FAF00B6AC6E /* Info.plist */ = {isa = PBXFileReference; lastKnownFileType = text.plist.xml; path = Info.plist; sourceTree = "<group>"; };
		FA882DC220E2669100C2B0FC /* PlaySoundsViewController.swift */ = {isa = PBXFileReference; lastKnownFileType = sourcecode.swift; path = PlaySoundsViewController.swift; sourceTree = "<group>"; };
		FAC1BB0820F3B1E2003DABA1 /* Default-568h@2x.png */ = {isa = PBXFileReference; lastKnownFileType = image.png; path = "Default-568h@2x.png"; sourceTree = "<group>"; };
/* End PBXFileReference section */

/* Begin PBXFrameworksBuildPhase section */
		FA6FECE620D50FAC00B6AC6E /* Frameworks */ = {
			isa = PBXFrameworksBuildPhase;
			buildActionMask = 2147483647;
			files = (
			);
			runOnlyForDeploymentPostprocessing = 0;
		};
/* End PBXFrameworksBuildPhase section */

/* Begin PBXGroup section */
		FA6FECE020D50FAC00B6AC6E = {
			isa = PBXGroup;
			children = (
				FAC1BB0820F3B1E2003DABA1 /* Default-568h@2x.png */,
				FA6FECEB20D50FAC00B6AC6E /* PitchPerfect */,
				FA6FECEA20D50FAC00B6AC6E /* Products */,
			);
			sourceTree = "<group>";
		};
		FA6FECEA20D50FAC00B6AC6E /* Products */ = {
			isa = PBXGroup;
			children = (
				FA6FECE920D50FAC00B6AC6E /* PitchPerfect.app */,
			);
			name = Products;
			sourceTree = "<group>";
		};
		FA6FECEB20D50FAC00B6AC6E /* PitchPerfect */ = {
			isa = PBXGroup;
			children = (
				FA6FECEC20D50FAC00B6AC6E /* AppDelegate.swift */,
				FA6FECEE20D50FAC00B6AC6E /* RecordSoundsViewController.swift */,
				FA6FECF020D50FAC00B6AC6E /* Main.storyboard */,
				FA6FECF320D50FAF00B6AC6E /* Assets.xcassets */,
				FA6FECF520D50FAF00B6AC6E /* LaunchScreen.storyboard */,
				FA6FECF820D50FAF00B6AC6E /* Info.plist */,
				FA882DC220E2669100C2B0FC /* PlaySoundsViewController.swift */,
				FA0FBAB320E3D39200291102 /* playsoundsviewcontroller-audio.swift */,
			);
			path = PitchPerfect;
			sourceTree = "<group>";
		};
/* End PBXGroup section */

/* Begin PBXNativeTarget section */
		FA6FECE820D50FAC00B6AC6E /* PitchPerfect */ = {
			isa = PBXNativeTarget;
			buildConfigurationList = FA6FECFB20D50FAF00B6AC6E /* Build configuration list for PBXNativeTarget "PitchPerfect" */;
			buildPhases = (
				FA6FECE520D50FAC00B6AC6E /* Sources */,
				FA6FECE620D50FAC00B6AC6E /* Frameworks */,
				FA6FECE720D50FAC00B6AC6E /* Resources */,
			);
			buildRules = (
			);
			dependencies = (
			);
			name = PitchPerfect;
			productName = PitchPerfect;
			productReference = FA6FECE920D50FAC00B6AC6E /* PitchPerfect.app */;
			productType = "com.apple.product-type.application";
		};
/* End PBXNativeTarget section */

/* Begin PBXProject section */
		FA6FECE120D50FAC00B6AC6E /* Project object */ = {
			isa = PBXProject;
			attributes = {
				LastSwiftUpdateCheck = 0930;
				LastUpgradeCheck = 0930;
				ORGANIZATIONNAME = "Marina Gladysheva";
				TargetAttributes = {
					FA6FECE820D50FAC00B6AC6E = {
						CreatedOnToolsVersion = 9.3;
					};
				};
			};
			buildConfigurationList = FA6FECE420D50FAC00B6AC6E /* Build configuration list for PBXProject "PitchPerfect" */;
			compatibilityVersion = "Xcode 9.3";
			developmentRegion = en;
			hasScannedForEncodings = 0;
			knownRegions = (
				en,
				Base,
			);
			mainGroup = FA6FECE020D50FAC00B6AC6E;
			productRefGroup = FA6FECEA20D50FAC00B6AC6E /* Products */;
			projectDirPath = "";
			projectRoot = "";
			targets = (
				FA6FECE820D50FAC00B6AC6E /* PitchPerfect */,
			);
		};
/* End PBXProject section */

/* Begin PBXResourcesBuildPhase section */
		FA6FECE720D50FAC00B6AC6E /* Resources */ = {
			isa = PBXResourcesBuildPhase;
			buildActionMask = 2147483647;
			files = (
				FA6FECF720D50FAF00B6AC6E /* LaunchScreen.storyboard in Resources */,
				FAC1BB0920F3B1E3003DABA1 /* Default-568h@2x.png in Resources */,
				FA6FECF420D50FAF00B6AC6E /* Assets.xcassets in Resources */,
				FA6FECF220D50FAC00B6AC6E /* Main.storyboard in Resources */,
			);
			runOnlyForDeploymentPostprocessing = 0;
		};
/* End PBXResourcesBuildPhase section */

/* Begin PBXSourcesBuildPhase section */
		FA6FECE520D50FAC00B6AC6E /* Sources */ = {
			isa = PBXSourcesBuildPhase;
			buildActionMask = 2147483647;
			files = (
				FA6FECEF20D50FAC00B6AC6E /* RecordSoundsViewController.swift in Sources */,
				FA882DC320E2669100C2B0FC /* PlaySoundsViewController.swift in Sources */,
				FA6FECED20D50FAC00B6AC6E /* AppDelegate.swift in Sources */,
				FA0FBAB420E3D39300291102 /* playsoundsviewcontroller-audio.swift in Sources */,
			);
			runOnlyForDeploymentPostprocessing = 0;
		};
/* End PBXSourcesBuildPhase section */

/* Begin PBXVariantGroup section */
		FA6FECF020D50FAC00B6AC6E /* Main.storyboard */ = {
			isa = PBXVariantGroup;
			children = (
				FA6FECF120D50FAC00B6AC6E /* Base */,
			);
			name = Main.storyboard;
			sourceTree = "<group>";
		};
		FA6FECF520D50FAF00B6AC6E /* LaunchScreen.storyboard */ = {
			isa = PBXVariantGroup;
			children = (
				FA6FECF620D50FAF00B6AC6E /* Base */,
			);
			name = LaunchScreen.storyboard;
			sourceTree = "<group>";
		};
/* End PBXVariantGroup section */

/* Begin XCBuildConfiguration section */
		FA6FECF920D50FAF00B6AC6E /* Debug */ = {
			isa = XCBuildConfiguration;
			buildSettings = {
				ALWAYS_SEARCH_USER_PATHS = NO;
				CLANG_ANALYZER_NONNULL = YES;
				CLANG_ANALYZER_NUMBER_OBJECT_CONVERSION = YES_AGGRESSIVE;
				CLANG_CXX_LANGUAGE_STANDARD = "gnu++14";
				CLANG_CXX_LIBRARY = "libc++";
				CLANG_ENABLE_MODULES = YES;
				CLANG_ENABLE_OBJC_ARC = YES;
				CLANG_ENABLE_OBJC_WEAK = YES;
				CLANG_WARN_BLOCK_CAPTURE_AUTORELEASING = YES;
				CLANG_WARN_BOOL_CONVERSION = YES;
				CLANG_WARN_COMMA = YES;
				CLANG_WARN_CONSTANT_CONVERSION = YES;
				CLANG_WARN_DEPRECATED_OBJC_IMPLEMENTATIONS = YES;
				CLANG_WARN_DIRECT_OBJC_ISA_USAGE = YES_ERROR;
				CLANG_WARN_DOCUMENTATION_COMMENTS = YES;
				CLANG_WARN_EMPTY_BODY = YES;
				CLANG_WARN_ENUM_CONVERSION = YES;
				CLANG_WARN_INFINITE_RECURSION = YES;
				CLANG_WARN_INT_CONVERSION = YES;
				CLANG_WARN_NON_LITERAL_NULL_CONVERSION = YES;
				CLANG_WARN_OBJC_IMPLICIT_RETAIN_SELF = YES;
				CLANG_WARN_OBJC_LITERAL_CONVERSION = YES;
				CLANG_WARN_OBJC_ROOT_CLASS = YES_ERROR;
				CLANG_WARN_RANGE_LOOP_ANALYSIS = YES;
				CLANG_WARN_STRICT_PROTOTYPES = YES;
				CLANG_WARN_SUSPICIOUS_MOVE = YES;
				CLANG_WARN_UNGUARDED_AVAILABILITY = YES_AGGRESSIVE;
				CLANG_WARN_UNREACHABLE_CODE = YES;
				CLANG_WARN__DUPLICATE_METHOD_MATCH = YES;
				CODE_SIGN_IDENTITY = "iPhone Developer";
				COPY_PHASE_STRIP = NO;
				DEBUG_INFORMATION_FORMAT = dwarf;
				ENABLE_STRICT_OBJC_MSGSEND = YES;
				ENABLE_TESTABILITY = YES;
				GCC_C_LANGUAGE_STANDARD = gnu11;
				GCC_DYNAMIC_NO_PIC = NO;
				GCC_NO_COMMON_BLOCKS = YES;
				GCC_OPTIMIZATION_LEVEL = 0;
				GCC_PREPROCESSOR_DEFINITIONS = (
					"DEBUG=1",
					"$(inherited)",
				);
				GCC_WARN_64_TO_32_BIT_CONVERSION = YES;
				GCC_WARN_ABOUT_RETURN_TYPE = YES_ERROR;
				GCC_WARN_UNDECLARED_SELECTOR = YES;
				GCC_WARN_UNINITIALIZED_AUTOS = YES_AGGRESSIVE;
				GCC_WARN_UNUSED_FUNCTION = YES;
				GCC_WARN_UNUSED_VARIABLE = YES;
				IPHONEOS_DEPLOYMENT_TARGET = 11.3;
				MTL_ENABLE_DEBUG_INFO = YES;
				ONLY_ACTIVE_ARCH = YES;
				SDKROOT = iphoneos;
				SWIFT_ACTIVE_COMPILATION_CONDITIONS = DEBUG;
				SWIFT_OPTIMIZATION_LEVEL = "-Onone";
			};
			name = Debug;
		};
		FA6FECFA20D50FAF00B6AC6E /* Release */ = {
			isa = XCBuildConfiguration;
			buildSettings = {
				ALWAYS_SEARCH_USER_PATHS = NO;
				CLANG_ANALYZER_NONNULL = YES;
				CLANG_ANALYZER_NUMBER_OBJECT_CONVERSION = YES_AGGRESSIVE;
				CLANG_CXX_LANGUAGE_STANDARD = "gnu++14";
				CLANG_CXX_LIBRARY = "libc++";
				CLANG_ENABLE_MODULES = YES;
				CLANG_ENABLE_OBJC_ARC = YES;
				CLANG_ENABLE_OBJC_WEAK = YES;
				CLANG_WARN_BLOCK_CAPTURE_AUTORELEASING = YES;
				CLANG_WARN_BOOL_CONVERSION = YES;
				CLANG_WARN_COMMA = YES;
				CLANG_WARN_CONSTANT_CONVERSION = YES;
				CLANG_WARN_DEPRECATED_OBJC_IMPLEMENTATIONS = YES;
				CLANG_WARN_DIRECT_OBJC_ISA_USAGE = YES_ERROR;
				CLANG_WARN_DOCUMENTATION_COMMENTS = YES;
				CLANG_WARN_EMPTY_BODY = YES;
				CLANG_WARN_ENUM_CONVERSION = YES;
				CLANG_WARN_INFINITE_RECURSION = YES;
				CLANG_WARN_INT_CONVERSION = YES;
				CLANG_WARN_NON_LITERAL_NULL_CONVERSION = YES;
				CLANG_WARN_OBJC_IMPLICIT_RETAIN_SELF = YES;
				CLANG_WARN_OBJC_LITERAL_CONVERSION = YES;
				CLANG_WARN_OBJC_ROOT_CLASS = YES_ERROR;
				CLANG_WARN_RANGE_LOOP_ANALYSIS = YES;
				CLANG_WARN_STRICT_PROTOTYPES = YES;
				CLANG_WARN_SUSPICIOUS_MOVE = YES;
				CLANG_WARN_UNGUARDED_AVAILABILITY = YES_AGGRESSIVE;
				CLANG_WARN_UNREACHABLE_CODE = YES;
				CLANG_WARN__DUPLICATE_METHOD_MATCH = YES;
				CODE_SIGN_IDENTITY = "iPhone Developer";
				COPY_PHASE_STRIP = NO;
				DEBUG_INFORMATION_FORMAT = "dwarf-with-dsym";
				ENABLE_NS_ASSERTIONS = NO;
				ENABLE_STRICT_OBJC_MSGSEND = YES;
				GCC_C_LANGUAGE_STANDARD = gnu11;
				GCC_NO_COMMON_BLOCKS = YES;
				GCC_WARN_64_TO_32_BIT_CONVERSION = YES;
				GCC_WARN_ABOUT_RETURN_TYPE = YES_ERROR;
				GCC_WARN_UNDECLARED_SELECTOR = YES;
				GCC_WARN_UNINITIALIZED_AUTOS = YES_AGGRESSIVE;
				GCC_WARN_UNUSED_FUNCTION = YES;
				GCC_WARN_UNUSED_VARIABLE = YES;
				IPHONEOS_DEPLOYMENT_TARGET = 11.3;
				MTL_ENABLE_DEBUG_INFO = NO;
				SDKROOT = iphoneos;
				SWIFT_COMPILATION_MODE = wholemodule;
				SWIFT_OPTIMIZATION_LEVEL = "-O";
				VALIDATE_PRODUCT = YES;
			};
			name = Release;
		};
		FA6FECFC20D50FAF00B6AC6E /* Debug */ = {
			isa = XCBuildConfiguration;
			buildSettings = {
				ASSETCATALOG_COMPILER_APPICON_NAME = AppIcon;
				CODE_SIGN_STYLE = Automatic;
				DEVELOPMENT_TEAM = 6ABGJYBW98;
				INFOPLIST_FILE = PitchPerfect/Info.plist;
				LD_RUNPATH_SEARCH_PATHS = (
					"$(inherited)",
					"@executable_path/Frameworks",
				);
				PRODUCT_BUNDLE_IDENTIFIER = "from-Udacity.PitchPerfect";
				PRODUCT_NAME = "$(TARGET_NAME)";
				PROVISIONING_PROFILE_SPECIFIER = "";
				SWIFT_VERSION = 4.0;
				TARGETED_DEVICE_FAMILY = "1,2";
			};
			name = Debug;
		};
		FA6FECFD20D50FAF00B6AC6E /* Release */ = {
			isa = XCBuildConfiguration;
			buildSettings = {
				ASSETCATALOG_COMPILER_APPICON_NAME = AppIcon;
				CODE_SIGN_STYLE = Automatic;
				DEVELOPMENT_TEAM = 6ABGJYBW98;
				INFOPLIST_FILE = PitchPerfect/Info.plist;
				LD_RUNPATH_SEARCH_PATHS = (
					"$(inherited)",
					"@executable_path/Frameworks",
				);
				PRODUCT_BUNDLE_IDENTIFIER = "from-Udacity.PitchPerfect";
				PRODUCT_NAME = "$(TARGET_NAME)";
				PROVISIONING_PROFILE_SPECIFIER = "";
				SWIFT_VERSION = 4.0;
				TARGETED_DEVICE_FAMILY = "1,2";
			};
			name = Release;
		};
/* End XCBuildConfiguration section */

/* Begin XCConfigurationList section */
		FA6FECE420D50FAC00B6AC6E /* Build configuration list for PBXProject "PitchPerfect" */ = {
			isa = XCConfigurationList;
			buildConfigurations = (
				FA6FECF920D50FAF00B6AC6E /* Debug */,
				FA6FECFA20D50FAF00B6AC6E /* Release */,
			);
			defaultConfigurationIsVisible = 0;
			defaultConfigurationName = Release;
		};
		FA6FECFB20D50FAF00B6AC6E /* Build configuration list for PBXNativeTarget "PitchPerfect" */ = {
			isa = XCConfigurationList;
			buildConfigurations = (
				FA6FECFC20D50FAF00B6AC6E /* Debug */,
				FA6FECFD20D50FAF00B6AC6E /* Release */,
			);
			defaultConfigurationIsVisible = 0;
			defaultConfigurationName = Release;
		};
/* End XCConfigurationList section */
	};
	rootObject = FA6FECE120D50FAC00B6AC6E /* Project object */;
}
